{
  "name": "swagger-editor-dist",
  "version": "1.0.0",
  "lockfileVersion": 3,
  "requires": true,
  "packages": {
    "": {
      "name": "swagger-editor-dist",
      "version": "1.0.0",
      "license": "ISC",
      "dependencies": {
        "swagger-editor-dist": "^4.8.0"
      }
    },
    "node_modules/swagger-editor-dist": {
      "version": "4.8.0",
      "resolved": "https://registry.npmjs.org/swagger-editor-dist/-/swagger-editor-dist-4.8.0.tgz",
      "integrity": "sha512-/Uhwsvo7LTPpXeX4dy7BpRw/xdjGoTpYPev19fMTR+BU4oslIyNyGq88JOcE2kNY6Wjr4syJOmr9GA7usBD/mw=="
    }
  }
}
